
Microsoft Visual Studio Solution File, Format Version 12.00
# Visual Studio Version 17
VisualStudioVersion = 17.5.002.0
MinimumVisualStudioVersion = 10.0.40219.1
Project("{9A19103F-16F7-4668-BE54-9A1E7A4F7556}") = "MyOwnCollection", "MyOwnCollection.csproj", "{033A5057-EF3E-4A44-B722-A79B13B6878A}"
EndProject
Global
	GlobalSection(SolutionConfigurationPlatforms) = preSolution
		Debug|Any CPU = Debug|Any CPU
		Release|Any CPU = Release|Any CPU
	EndGlobalSection
	GlobalSection(ProjectConfigurationPlatforms) = postSolution
		{033A5057-EF3E-4A44-B722-A79B13B6878A}.Debug|Any CPU.ActiveCfg = Debug|Any CPU
		{033A5057-EF3E-4A44-B722-A79B13B6878A}.Debug|Any CPU.Build.0 = Debug|Any CPU
		{033A5057-EF3E-4A44-B722-A79B13B6878A}.Release|Any CPU.ActiveCfg = Release|Any CPU
		{033A5057-EF3E-4A44-B722-A79B13B6878A}.Release|Any CPU.Build.0 = Release|Any CPU
	EndGlobalSection
	GlobalSection(SolutionProperties) = preSolution
		HideSolutionNode = FALSE
	EndGlobalSection
	GlobalSection(ExtensibilityGlobals) = postSolution
		SolutionGuid = {DDEA9C0C-A052-4E32-8F32-555963C7898A}
	EndGlobalSection
EndGlobal
